
Microsoft Visual Studio Solution File, Format Version 12.00
# Visual Studio 15
VisualStudioVersion = 15.0.28307.1267
MinimumVisualStudioVersion = 10.0.40219.1
Project("{FAE04EC0-301F-11D3-BF4B-00C04F79EFBC}") = "CSharp_Code", "CSharp_Code\CSharp_Code.csproj", "{74DA53A2-7516-4AC9-96D8-A1F132B4D048}"
EndProject
Global
	GlobalSection(SolutionConfigurationPlatforms) = preSolution
		Debug|Any CPU = Debug|Any CPU
		Release|Any CPU = Release|Any CPU
	EndGlobalSection
	GlobalSection(ProjectConfigurationPlatforms) = postSolution
		{74DA53A2-7516-4AC9-96D8-A1F132B4D048}.Debug|Any CPU.ActiveCfg = Debug|Any CPU
		{74DA53A2-7516-4AC9-96D8-A1F132B4D048}.Debug|Any CPU.Build.0 = Debug|Any CPU
		{74DA53A2-7516-4AC9-96D8-A1F132B4D048}.Release|Any CPU.ActiveCfg = Release|Any CPU
		{74DA53A2-7516-4AC9-96D8-A1F132B4D048}.Release|Any CPU.Build.0 = Release|Any CPU
	EndGlobalSection
	GlobalSection(SolutionProperties) = preSolution
		HideSolutionNode = FALSE
	EndGlobalSection
	GlobalSection(ExtensibilityGlobals) = postSolution
		SolutionGuid = {EFDCFE12-AAC8-4F84-BD07-CB4446C34CC6}
	EndGlobalSection
EndGlobal
